
Microsoft Visual Studio Solution File, Format Version 12.00
# Visual Studio 2013
VisualStudioVersion = 12.0.31101.0
MinimumVisualStudioVersion = 10.0.40219.1
Project("{FAE04EC0-301F-11D3-BF4B-00C04F79EFBC}") = "Omgevingsboek", "Omgevingsboek\Omgevingsboek.csproj", "{F4FEB60C-0B08-46FA-95A2-7685EF678296}"
EndProject
Project("{FAE04EC0-301F-11D3-BF4B-00C04F79EFBC}") = "Models", "Models\Models.csproj", "{EEAB7102-BC12-42E5-9555-BF1FF5D9B760}"
EndProject
Project("{FAE04EC0-301F-11D3-BF4B-00C04F79EFBC}") = "BusinessLogic", "BusinessLogic\BusinessLogic.csproj", "{A1B95587-845B-4F6C-80F8-328C9811032F}"
EndProject
Project("{2150E333-8FDC-42A3-9474-1A3956D46DE8}") = ".nuget", ".nuget", "{88132EBE-DE8E-488B-B5D2-41AEA3029E8C}"
	ProjectSection(SolutionItems) = preProject
		.nuget\NuGet.Config = .nuget\NuGet.Config
		.nuget\NuGet.exe = .nuget\NuGet.exe
		.nuget\NuGet.targets = .nuget\NuGet.targets
	EndProjectSection
EndProject
Project("{2150E333-8FDC-42A3-9474-1A3956D46DE8}") = "Solution Items", "Solution Items", "{076077AE-6967-4933-9731-123B3FBA40EE}"
	ProjectSection(SolutionItems) = preProject
		WebEssentials-Settings.json = WebEssentials-Settings.json
	EndProjectSection
EndProject
Global
	GlobalSection(SolutionConfigurationPlatforms) = preSolution
		Debug|Any CPU = Debug|Any CPU
		Release|Any CPU = Release|Any CPU
	EndGlobalSection
	GlobalSection(ProjectConfigurationPlatforms) = postSolution
		{F4FEB60C-0B08-46FA-95A2-7685EF678296}.Debug|Any CPU.ActiveCfg = Debug|Any CPU
		{F4FEB60C-0B08-46FA-95A2-7685EF678296}.Debug|Any CPU.Build.0 = Debug|Any CPU
		{F4FEB60C-0B08-46FA-95A2-7685EF678296}.Release|Any CPU.ActiveCfg = Release|Any CPU
		{F4FEB60C-0B08-46FA-95A2-7685EF678296}.Release|Any CPU.Build.0 = Release|Any CPU
		{EEAB7102-BC12-42E5-9555-BF1FF5D9B760}.Debug|Any CPU.ActiveCfg = Debug|Any CPU
		{EEAB7102-BC12-42E5-9555-BF1FF5D9B760}.Debug|Any CPU.Build.0 = Debug|Any CPU
		{EEAB7102-BC12-42E5-9555-BF1FF5D9B760}.Release|Any CPU.ActiveCfg = Release|Any CPU
		{EEAB7102-BC12-42E5-9555-BF1FF5D9B760}.Release|Any CPU.Build.0 = Release|Any CPU
		{A1B95587-845B-4F6C-80F8-328C9811032F}.Debug|Any CPU.ActiveCfg = Debug|Any CPU
		{A1B95587-845B-4F6C-80F8-328C9811032F}.Debug|Any CPU.Build.0 = Debug|Any CPU
		{A1B95587-845B-4F6C-80F8-328C9811032F}.Release|Any CPU.ActiveCfg = Release|Any CPU
		{A1B95587-845B-4F6C-80F8-328C9811032F}.Release|Any CPU.Build.0 = Release|Any CPU
	EndGlobalSection
	GlobalSection(SolutionProperties) = preSolution
		HideSolutionNode = FALSE
	EndGlobalSection
EndGlobal
